// !$*UTF8*$!
{
	archiveVersion = 1;
	classes = {
	};
	objectVersion = 56;
	objects = {

/* Begin PBXBuildFile section */
		5D2D84EA28F06B8900DCD846 /* AppDelegate.swift in Sources */ = {isa = PBXBuildFile; fileRef = 5D2D84E928F06B8900DCD846 /* AppDelegate.swift */; };
		5D2D84EC28F06B8900DCD846 /* SceneDelegate.swift in Sources */ = {isa = PBXBuildFile; fileRef = 5D2D84EB28F06B8900DCD846 /* SceneDelegate.swift */; };
		5D2D84EE28F06B8900DCD846 /* ViewController.swift in Sources */ = {isa = PBXBuildFile; fileRef = 5D2D84ED28F06B8900DCD846 /* ViewController.swift */; };
		5D2D84F128F06B8900DCD846 /* Main.storyboard in Resources */ = {isa = PBXBuildFile; fileRef = 5D2D84EF28F06B8900DCD846 /* Main.storyboard */; };
		5D2D84F328F06B8A00DCD846 /* Assets.xcassets in Resources */ = {isa = PBXBuildFile; fileRef = 5D2D84F228F06B8A00DCD846 /* Assets.xcassets */; };
		5D2D84F628F06B8A00DCD846 /* LaunchScreen.storyboard in Resources */ = {isa = PBXBuildFile; fileRef = 5D2D84F428F06B8A00DCD846 /* LaunchScreen.storyboard */; };
		C72FCF9FACA776834709E05C /* Pods_CardSliderView.framework in Frameworks */ = {isa = PBXBuildFile; fileRef = 40C5A7604394FD146F9173BE /* Pods_CardSliderView.framework */; };
/* End PBXBuildFile section */

/* Begin PBXFileReference section */
		2F2FD5DB48DD9AFCCD878F22 /* Pods-CardSliderView.release.xcconfig */ = {isa = PBXFileReference; includeInIndex = 1; lastKnownFileType = text.xcconfig; name = "Pods-CardSliderView.release.xcconfig"; path = "Target Support Files/Pods-CardSliderView/Pods-CardSliderView.release.xcconfig"; sourceTree = "<group>"; };
		40C5A7604394FD146F9173BE /* Pods_CardSliderView.framework */ = {isa = PBXFileReference; explicitFileType = wrapper.framework; includeInIndex = 0; path = Pods_CardSliderView.framework; sourceTree = BUILT_PRODUCTS_DIR; };
		5D2D84E628F06B8900DCD846 /* CardSliderView.app */ = {isa = PBXFileReference; explicitFileType = wrapper.application; includeInIndex = 0; path = CardSliderView.app; sourceTree = BUILT_PRODUCTS_DIR; };
		5D2D84E928F06B8900DCD846 /* AppDelegate.swift */ = {isa = PBXFileReference; lastKnownFileType = sourcecode.swift; path = AppDelegate.swift; sourceTree = "<group>"; };
		5D2D84EB28F06B8900DCD846 /* SceneDelegate.swift */ = {isa = PBXFileReference; lastKnownFileType = sourcecode.swift; path = SceneDelegate.swift; sourceTree = "<group>"; };
		5D2D84ED28F06B8900DCD846 /* ViewController.swift */ = {isa = PBXFileReference; lastKnownFileType = sourcecode.swift; path = ViewController.swift; sourceTree = "<group>"; };
		5D2D84F028F06B8900DCD846 /* Base */ = {isa = PBXFileReference; lastKnownFileType = file.storyboard; name = Base; path = Base.lproj/Main.storyboard; sourceTree = "<group>"; };
		5D2D84F228F06B8A00DCD846 /* Assets.xcassets */ = {isa = PBXFileReference; lastKnownFileType = folder.assetcatalog; path = Assets.xcassets; sourceTree = "<group>"; };
		5D2D84F528F06B8A00DCD846 /* Base */ = {isa = PBXFileReference; lastKnownFileType = file.storyboard; name = Base; path = Base.lproj/LaunchScreen.storyboard; sourceTree = "<group>"; };
		5D2D84F728F06B8A00DCD846 /* Info.plist */ = {isa = PBXFileReference; lastKnownFileType = text.plist.xml; path = Info.plist; sourceTree = "<group>"; };
		8C33B67004919A120162C88D /* Pods-CardSliderView.debug.xcconfig */ = {isa = PBXFileReference; includeInIndex = 1; lastKnownFileType = text.xcconfig; name = "Pods-CardSliderView.debug.xcconfig"; path = "Target Support Files/Pods-CardSliderView/Pods-CardSliderView.debug.xcconfig"; sourceTree = "<group>"; };
/* End PBXFileReference section */

/* Begin PBXFrameworksBuildPhase section */
		5D2D84E328F06B8900DCD846 /* Frameworks */ = {
			isa = PBXFrameworksBuildPhase;
			buildActionMask = 2147483647;
			files = (
				C72FCF9FACA776834709E05C /* Pods_CardSliderView.framework in Frameworks */,
			);
			runOnlyForDeploymentPostprocessing = 0;
		};
/* End PBXFrameworksBuildPhase section */

/* Begin PBXGroup section */
		5D2D84DD28F06B8900DCD846 = {
			isa = PBXGroup;
			children = (
				5D2D84E828F06B8900DCD846 /* CardSliderView */,
				5D2D84E728F06B8900DCD846 /* Products */,
				9795FE60E2C8EC056FB5ACDF /* Pods */,
				AC6287A66A3E85A274332BE0 /* Frameworks */,
			);
			sourceTree = "<group>";
		};
		5D2D84E728F06B8900DCD846 /* Products */ = {
			isa = PBXGroup;
			children = (
				5D2D84E628F06B8900DCD846 /* CardSliderView.app */,
			);
			name = Products;
			sourceTree = "<group>";
		};
		5D2D84E828F06B8900DCD846 /* CardSliderView */ = {
			isa = PBXGroup;
			children = (
				5D2D84E928F06B8900DCD846 /* AppDelegate.swift */,
				5D2D84EB28F06B8900DCD846 /* SceneDelegate.swift */,
				5D2D84ED28F06B8900DCD846 /* ViewController.swift */,
				5D2D84EF28F06B8900DCD846 /* Main.storyboard */,
				5D2D84F228F06B8A00DCD846 /* Assets.xcassets */,
				5D2D84F428F06B8A00DCD846 /* LaunchScreen.storyboard */,
				5D2D84F728F06B8A00DCD846 /* Info.plist */,
			);
			path = CardSliderView;
			sourceTree = "<group>";
		};
		9795FE60E2C8EC056FB5ACDF /* Pods */ = {
			isa = PBXGroup;
			children = (
				8C33B67004919A120162C88D /* Pods-CardSliderView.debug.xcconfig */,
				2F2FD5DB48DD9AFCCD878F22 /* Pods-CardSliderView.release.xcconfig */,
			);
			name = Pods;
			path = Pods;
			sourceTree = "<group>";
		};
		AC6287A66A3E85A274332BE0 /* Frameworks */ = {
			isa = PBXGroup;
			children = (
				40C5A7604394FD146F9173BE /* Pods_CardSliderView.framework */,
			);
			name = Frameworks;
			sourceTree = "<group>";
		};
/* End PBXGroup section */

/* Begin PBXNativeTarget section */
		5D2D84E528F06B8900DCD846 /* CardSliderView */ = {
			isa = PBXNativeTarget;
			buildConfigurationList = 5D2D84FA28F06B8A00DCD846 /* Build configuration list for PBXNativeTarget "CardSliderView" */;
			buildPhases = (
				BDA773569143B68EA047E0E1 /* [CP] Check Pods Manifest.lock */,
				5D2D84E228F06B8900DCD846 /* Sources */,
				5D2D84E328F06B8900DCD846 /* Frameworks */,
				5D2D84E428F06B8900DCD846 /* Resources */,
				E473A6EA7787C2EA16FBAFFF /* [CP] Embed Pods Frameworks */,
			);
			buildRules = (
			);
			dependencies = (
			);
			name = CardSliderView;
			productName = CardSliderView;
			productReference = 5D2D84E628F06B8900DCD846 /* CardSliderView.app */;
			productType = "com.apple.product-type.application";
		};
/* End PBXNativeTarget section */

/* Begin PBXProject section */
		5D2D84DE28F06B8900DCD846 /* Project object */ = {
			isa = PBXProject;
			attributes = {
				BuildIndependentTargetsInParallel = 1;
				LastSwiftUpdateCheck = 1400;
				LastUpgradeCheck = 1400;
				TargetAttributes = {
					5D2D84E528F06B8900DCD846 = {
						CreatedOnToolsVersion = 14.0.1;
					};
				};
			};
			buildConfigurationList = 5D2D84E128F06B8900DCD846 /* Build configuration list for PBXProject "CardSliderView" */;
			compatibilityVersion = "Xcode 14.0";
			developmentRegion = en;
			hasScannedForEncodings = 0;
			knownRegions = (
				en,
				Base,
			);
			mainGroup = 5D2D84DD28F06B8900DCD846;
			productRefGroup = 5D2D84E728F06B8900DCD846 /* Products */;
			projectDirPath = "";
			projectRoot = "";
			targets = (
				5D2D84E528F06B8900DCD846 /* CardSliderView */,
			);
		};
/* End PBXProject section */

/* Begin PBXResourcesBuildPhase section */
		5D2D84E428F06B8900DCD846 /* Resources */ = {
			isa = PBXResourcesBuildPhase;
			buildActionMask = 2147483647;
			files = (
				5D2D84F628F06B8A00DCD846 /* LaunchScreen.storyboard in Resources */,
				5D2D84F328F06B8A00DCD846 /* Assets.xcassets in Resources */,
				5D2D84F128F06B8900DCD846 /* Main.storyboard in Resources */,
			);
			runOnlyForDeploymentPostprocessing = 0;
		};
/* End PBXResourcesBuildPhase section */

/* Begin PBXShellScriptBuildPhase section */
		BDA773569143B68EA047E0E1 /* [CP] Check Pods Manifest.lock */ = {
			isa = PBXShellScriptBuildPhase;
			buildActionMask = 2147483647;
			files = (
			);
			inputFileListPaths = (
			);
			inputPaths = (
				"${PODS_PODFILE_DIR_PATH}/Podfile.lock",
				"${PODS_ROOT}/Manifest.lock",
			);
			name = "[CP] Check Pods Manifest.lock";
			outputFileListPaths = (
			);
			outputPaths = (
				"$(DERIVED_FILE_DIR)/Pods-CardSliderView-checkManifestLockResult.txt",
			);
			runOnlyForDeploymentPostprocessing = 0;
			shellPath = /bin/sh;
			shellScript = "diff \"${PODS_PODFILE_DIR_PATH}/Podfile.lock\" \"${PODS_ROOT}/Manifest.lock\" > /dev/null\nif [ $? != 0 ] ; then\n    # print error to STDERR\n    echo \"error: The sandbox is not in sync with the Podfile.lock. Run 'pod install' or update your CocoaPods installation.\" >&2\n    exit 1\nfi\n# This output is used by Xcode 'outputs' to avoid re-running this script phase.\necho \"SUCCESS\" > \"${SCRIPT_OUTPUT_FILE_0}\"\n";
			showEnvVarsInLog = 0;
		};
		E473A6EA7787C2EA16FBAFFF /* [CP] Embed Pods Frameworks */ = {
			isa = PBXShellScriptBuildPhase;
			buildActionMask = 2147483647;
			files = (
			);
			inputFileListPaths = (
				"${PODS_ROOT}/Target Support Files/Pods-CardSliderView/Pods-CardSliderView-frameworks-${CONFIGURATION}-input-files.xcfilelist",
			);
			name = "[CP] Embed Pods Frameworks";
			outputFileListPaths = (
				"${PODS_ROOT}/Target Support Files/Pods-CardSliderView/Pods-CardSliderView-frameworks-${CONFIGURATION}-output-files.xcfilelist",
			);
			runOnlyForDeploymentPostprocessing = 0;
			shellPath = /bin/sh;
			shellScript = "\"${PODS_ROOT}/Target Support Files/Pods-CardSliderView/Pods-CardSliderView-frameworks.sh\"\n";
			showEnvVarsInLog = 0;
		};
/* End PBXShellScriptBuildPhase section */

/* Begin PBXSourcesBuildPhase section */
		5D2D84E228F06B8900DCD846 /* Sources */ = {
			isa = PBXSourcesBuildPhase;
			buildActionMask = 2147483647;
			files = (
				5D2D84EE28F06B8900DCD846 /* ViewController.swift in Sources */,
				5D2D84EA28F06B8900DCD846 /* AppDelegate.swift in Sources */,
				5D2D84EC28F06B8900DCD846 /* SceneDelegate.swift in Sources */,
			);
			runOnlyForDeploymentPostprocessing = 0;
		};
/* End PBXSourcesBuildPhase section */

/* Begin PBXVariantGroup section */
		5D2D84EF28F06B8900DCD846 /* Main.storyboard */ = {
			isa = PBXVariantGroup;
			children = (
				5D2D84F028F06B8900DCD846 /* Base */,
			);
			name = Main.storyboard;
			sourceTree = "<group>";
		};
		5D2D84F428F06B8A00DCD846 /* LaunchScreen.storyboard */ = {
			isa = PBXVariantGroup;
			children = (
				5D2D84F528F06B8A00DCD846 /* Base */,
			);
			name = LaunchScreen.storyboard;
			sourceTree = "<group>";
		};
/* End PBXVariantGroup section */

/* Begin XCBuildConfiguration section */
		5D2D84F828F06B8A00DCD846 /* Debug */ = {
			isa = XCBuildConfiguration;
			buildSettings = {
				ALWAYS_SEARCH_USER_PATHS = NO;
				CLANG_ANALYZER_NONNULL = YES;
				CLANG_ANALYZER_NUMBER_OBJECT_CONVERSION = YES_AGGRESSIVE;
				CLANG_CXX_LANGUAGE_STANDARD = "gnu++20";
				CLANG_ENABLE_MODULES = YES;
				CLANG_ENABLE_OBJC_ARC = YES;
				CLANG_ENABLE_OBJC_WEAK = YES;
				CLANG_WARN_BLOCK_CAPTURE_AUTORELEASING = YES;
				CLANG_WARN_BOOL_CONVERSION = YES;
				CLANG_WARN_COMMA = YES;
				CLANG_WARN_CONSTANT_CONVERSION = YES;
				CLANG_WARN_DEPRECATED_OBJC_IMPLEMENTATIONS = YES;
				CLANG_WARN_DIRECT_OBJC_ISA_USAGE = YES_ERROR;
				CLANG_WARN_DOCUMENTATION_COMMENTS = YES;
				CLANG_WARN_EMPTY_BODY = YES;
				CLANG_WARN_ENUM_CONVERSION = YES;
				CLANG_WARN_INFINITE_RECURSION = YES;
				CLANG_WARN_INT_CONVERSION = YES;
				CLANG_WARN_NON_LITERAL_NULL_CONVERSION = YES;
				CLANG_WARN_OBJC_IMPLICIT_RETAIN_SELF = YES;
				CLANG_WARN_OBJC_LITERAL_CONVERSION = YES;
				CLANG_WARN_OBJC_ROOT_CLASS = YES_ERROR;
				CLANG_WARN_QUOTED_INCLUDE_IN_FRAMEWORK_HEADER = YES;
				CLANG_WARN_RANGE_LOOP_ANALYSIS = YES;
				CLANG_WARN_STRICT_PROTOTYPES = YES;
				CLANG_WARN_SUSPICIOUS_MOVE = YES;
				CLANG_WARN_UNGUARDED_AVAILABILITY = YES_AGGRESSIVE;
				CLANG_WARN_UNREACHABLE_CODE = YES;
				CLANG_WARN__DUPLICATE_METHOD_MATCH = YES;
				COPY_PHASE_STRIP = NO;
				DEBUG_INFORMATION_FORMAT = dwarf;
				ENABLE_STRICT_OBJC_MSGSEND = YES;
				ENABLE_TESTABILITY = YES;
				GCC_C_LANGUAGE_STANDARD = gnu11;
				GCC_DYNAMIC_NO_PIC = NO;
				GCC_NO_COMMON_BLOCKS = YES;
				GCC_OPTIMIZATION_LEVEL = 0;
				GCC_PREPROCESSOR_DEFINITIONS = (
					"DEBUG=1",
					"$(inherited)",
				);
				GCC_WARN_64_TO_32_BIT_CONVERSION = YES;
				GCC_WARN_ABOUT_RETURN_TYPE = YES_ERROR;
				GCC_WARN_UNDECLARED_SELECTOR = YES;
				GCC_WARN_UNINITIALIZED_AUTOS = YES_AGGRESSIVE;
				GCC_WARN_UNUSED_FUNCTION = YES;
				GCC_WARN_UNUSED_VARIABLE = YES;
				IPHONEOS_DEPLOYMENT_TARGET = 16.0;
				MTL_ENABLE_DEBUG_INFO = INCLUDE_SOURCE;
				MTL_FAST_MATH = YES;
				ONLY_ACTIVE_ARCH = YES;
				SDKROOT = iphoneos;
				SWIFT_ACTIVE_COMPILATION_CONDITIONS = DEBUG;
				SWIFT_OPTIMIZATION_LEVEL = "-Onone";
			};
			name = Debug;
		};
		5D2D84F928F06B8A00DCD846 /* Release */ = {
			isa = XCBuildConfiguration;
			buildSettings = {
				ALWAYS_SEARCH_USER_PATHS = NO;
				CLANG_ANALYZER_NONNULL = YES;
				CLANG_ANALYZER_NUMBER_OBJECT_CONVERSION = YES_AGGRESSIVE;
				CLANG_CXX_LANGUAGE_STANDARD = "gnu++20";
				CLANG_ENABLE_MODULES = YES;
				CLANG_ENABLE_OBJC_ARC = YES;
				CLANG_ENABLE_OBJC_WEAK = YES;
				CLANG_WARN_BLOCK_CAPTURE_AUTORELEASING = YES;
				CLANG_WARN_BOOL_CONVERSION = YES;
				CLANG_WARN_COMMA = YES;
				CLANG_WARN_CONSTANT_CONVERSION = YES;
				CLANG_WARN_DEPRECATED_OBJC_IMPLEMENTATIONS = YES;
				CLANG_WARN_DIRECT_OBJC_ISA_USAGE = YES_ERROR;
				CLANG_WARN_DOCUMENTATION_COMMENTS = YES;
				CLANG_WARN_EMPTY_BODY = YES;
				CLANG_WARN_ENUM_CONVERSION = YES;
				CLANG_WARN_INFINITE_RECURSION = YES;
				CLANG_WARN_INT_CONVERSION = YES;
				CLANG_WARN_NON_LITERAL_NULL_CONVERSION = YES;
				CLANG_WARN_OBJC_IMPLICIT_RETAIN_SELF = YES;
				CLANG_WARN_OBJC_LITERAL_CONVERSION = YES;
				CLANG_WARN_OBJC_ROOT_CLASS = YES_ERROR;
				CLANG_WARN_QUOTED_INCLUDE_IN_FRAMEWORK_HEADER = YES;
				CLANG_WARN_RANGE_LOOP_ANALYSIS = YES;
				CLANG_WARN_STRICT_PROTOTYPES = YES;
				CLANG_WARN_SUSPICIOUS_MOVE = YES;
				CLANG_WARN_UNGUARDED_AVAILABILITY = YES_AGGRESSIVE;
				CLANG_WARN_UNREACHABLE_CODE = YES;
				CLANG_WARN__DUPLICATE_METHOD_MATCH = YES;
				COPY_PHASE_STRIP = NO;
				DEBUG_INFORMATION_FORMAT = "dwarf-with-dsym";
				ENABLE_NS_ASSERTIONS = NO;
				ENABLE_STRICT_OBJC_MSGSEND = YES;
				GCC_C_LANGUAGE_STANDARD = gnu11;
				GCC_NO_COMMON_BLOCKS = YES;
				GCC_WARN_64_TO_32_BIT_CONVERSION = YES;
				GCC_WARN_ABOUT_RETURN_TYPE = YES_ERROR;
				GCC_WARN_UNDECLARED_SELECTOR = YES;
				GCC_WARN_UNINITIALIZED_AUTOS = YES_AGGRESSIVE;
				GCC_WARN_UNUSED_FUNCTION = YES;
				GCC_WARN_UNUSED_VARIABLE = YES;
				IPHONEOS_DEPLOYMENT_TARGET = 16.0;
				MTL_ENABLE_DEBUG_INFO = NO;
				MTL_FAST_MATH = YES;
				SDKROOT = iphoneos;
				SWIFT_COMPILATION_MODE = wholemodule;
				SWIFT_OPTIMIZATION_LEVEL = "-O";
				VALIDATE_PRODUCT = YES;
			};
			name = Release;
		};
		5D2D84FB28F06B8A00DCD846 /* Debug */ = {
			isa = XCBuildConfiguration;
			baseConfigurationReference = 8C33B67004919A120162C88D /* Pods-CardSliderView.debug.xcconfig */;
			buildSettings = {
				ASSETCATALOG_COMPILER_APPICON_NAME = AppIcon;
				ASSETCATALOG_COMPILER_GLOBAL_ACCENT_COLOR_NAME = AccentColor;
				CODE_SIGN_STYLE = Automatic;
				CURRENT_PROJECT_VERSION = 1;
				DEVELOPMENT_TEAM = NB5B4D8982;
				GENERATE_INFOPLIST_FILE = YES;
				INFOPLIST_FILE = CardSliderView/Info.plist;
				INFOPLIST_KEY_UIApplicationSupportsIndirectInputEvents = YES;
				INFOPLIST_KEY_UILaunchStoryboardName = LaunchScreen;
				INFOPLIST_KEY_UIMainStoryboardFile = Main;
				INFOPLIST_KEY_UISupportedInterfaceOrientations_iPad = "UIInterfaceOrientationPortrait UIInterfaceOrientationPortraitUpsideDown UIInterfaceOrientationLandscapeLeft UIInterfaceOrientationLandscapeRight";
				INFOPLIST_KEY_UISupportedInterfaceOrientations_iPhone = "UIInterfaceOrientationPortrait UIInterfaceOrientationLandscapeLeft UIInterfaceOrientationLandscapeRight";
				LD_RUNPATH_SEARCH_PATHS = (
					"$(inherited)",
					"@executable_path/Frameworks",
				);
				MARKETING_VERSION = 1.0;
				PRODUCT_BUNDLE_IDENTIFIER = com.ripon.CardSliderView;
				PRODUCT_NAME = "$(TARGET_NAME)";
				SWIFT_EMIT_LOC_STRINGS = YES;
				SWIFT_VERSION = 5.0;
				TARGETED_DEVICE_FAMILY = "1,2";
			};
			name = Debug;
		};
		5D2D84FC28F06B8A00DCD846 /* Release */ = {
			isa = XCBuildConfiguration;
			baseConfigurationReference = 2F2FD5DB48DD9AFCCD878F22 /* Pods-CardSliderView.release.xcconfig */;
			buildSettings = {
				ASSETCATALOG_COMPILER_APPICON_NAME = AppIcon;
				ASSETCATALOG_COMPILER_GLOBAL_ACCENT_COLOR_NAME = AccentColor;
				CODE_SIGN_STYLE = Automatic;
				CURRENT_PROJECT_VERSION = 1;
				DEVELOPMENT_TEAM = NB5B4D8982;
				GENERATE_INFOPLIST_FILE = YES;
				INFOPLIST_FILE = CardSliderView/Info.plist;
				INFOPLIST_KEY_UIApplicationSupportsIndirectInputEvents = YES;
				INFOPLIST_KEY_UILaunchStoryboardName = LaunchScreen;
				INFOPLIST_KEY_UIMainStoryboardFile = Main;
				INFOPLIST_KEY_UISupportedInterfaceOrientations_iPad = "UIInterfaceOrientationPortrait UIInterfaceOrientationPortraitUpsideDown UIInterfaceOrientationLandscapeLeft UIInterfaceOrientationLandscapeRight";
				INFOPLIST_KEY_UISupportedInterfaceOrientations_iPhone = "UIInterfaceOrientationPortrait UIInterfaceOrientationLandscapeLeft UIInterfaceOrientationLandscapeRight";
				LD_RUNPATH_SEARCH_PATHS = (
					"$(inherited)",
					"@executable_path/Frameworks",
				);
				MARKETING_VERSION = 1.0;
				PRODUCT_BUNDLE_IDENTIFIER = com.ripon.CardSliderView;
				PRODUCT_NAME = "$(TARGET_NAME)";
				SWIFT_EMIT_LOC_STRINGS = YES;
				SWIFT_VERSION = 5.0;
				TARGETED_DEVICE_FAMILY = "1,2";
			};
			name = Release;
		};
/* End XCBuildConfiguration section */

/* Begin XCConfigurationList section */
		5D2D84E128F06B8900DCD846 /* Build configuration list for PBXProject "CardSliderView" */ = {
			isa = XCConfigurationList;
			buildConfigurations = (
				5D2D84F828F06B8A00DCD846 /* Debug */,
				5D2D84F928F06B8A00DCD846 /* Release */,
			);
			defaultConfigurationIsVisible = 0;
			defaultConfigurationName = Release;
		};
		5D2D84FA28F06B8A00DCD846 /* Build configuration list for PBXNativeTarget "CardSliderView" */ = {
			isa = XCConfigurationList;
			buildConfigurations = (
				5D2D84FB28F06B8A00DCD846 /* Debug */,
				5D2D84FC28F06B8A00DCD846 /* Release */,
			);
			defaultConfigurationIsVisible = 0;
			defaultConfigurationName = Release;
		};
/* End XCConfigurationList section */
	};
	rootObject = 5D2D84DE28F06B8900DCD846 /* Project object */;
}
